# THIS IS AN AUTOGENERATED FILE. DO NOT EDIT THIS FILE DIRECTLY.
# yarn lockfile v1


"@types/is-hotkey@^0.1.1":
  version "0.1.7"
  resolved "https://registry.yarnpkg.com/@types/is-hotkey/-/is-hotkey-0.1.7.tgz#30ec6d4234895230b576728ef77e70a52962f3b3"
  integrity sha512-yB5C7zcOM7idwYZZ1wKQ3pTfjA9BbvFqRWvKB46GFddxnJtHwi/b9y84ykQtxQPg5qhdpg4Q/kWU3EGoCTmLzQ==

"@types/lodash@^4.14.149":
  version "4.14.186"
  resolved "https://registry.yarnpkg.com/@types/lodash/-/lodash-4.14.186.tgz#862e5514dd7bd66ada6c70ee5fce844b06c8ee97"
  integrity sha512-eHcVlLXP0c2FlMPm56ITode2AgLMSa6aJ05JTTbYbI+7EMkCEE5qk2E41d5g2lCVTqRe0GnnRFurmlCsDODrPw==

compute-scroll-into-view@^1.0.17:
  version "1.0.17"
  resolved "https://registry.yarnpkg.com/compute-scroll-into-view/-/compute-scroll-into-view-1.0.17.tgz#6a88f18acd9d42e9cf4baa6bec7e0522607ab7ab"
  integrity sha512-j4dx+Fb0URmzbwwMUrhqWM2BEWHdFGx+qZ9qqASHRPqvTYdqvWnHg0H1hIbcyLnvgnoNAVMlwkepyqM3DaIFUg==

direction@^1.0.3:
  version "1.0.4"
  resolved "https://registry.yarnpkg.com/direction/-/direction-1.0.4.tgz#2b86fb686967e987088caf8b89059370d4837442"
  integrity sha512-GYqKi1aH7PJXxdhTeZBFrg8vUBeKXi+cNprXsC1kpJcbcVnV9wBsrOu1cQEdG0WeQwlfHiy3XvnKfIrJ2R0NzQ==

immer@^9.0.6:
  version "9.0.15"
  resolved "https://registry.yarnpkg.com/immer/-/immer-9.0.15.tgz#0b9169e5b1d22137aba7d43f8a81a495dd1b62dc"
  integrity sha512-2eB/sswms9AEUSkOm4SbV5Y7Vmt/bKRwByd52jfLkW4OLYeaTP3EEiJ9agqU0O/tq6Dk62Zfj+TJSqfm1rLVGQ==

is-hotkey@^0.1.6:
  version "0.1.8"
  resolved "https://registry.yarnpkg.com/is-hotkey/-/is-hotkey-0.1.8.tgz#6b1f4b2d0e5639934e20c05ed24d623a21d36d25"
  integrity sha512-qs3NZ1INIS+H+yeo7cD9pDfwYV/jqRh1JG9S9zYrNudkoUQg7OL7ziXqRKu+InFjUIDoP2o6HIkLYMh1pcWgyQ==

is-plain-object@^5.0.0:
  version "5.0.0"
  resolved "https://registry.yarnpkg.com/is-plain-object/-/is-plain-object-5.0.0.tgz#4427f50ab3429e9025ea7d52e9043a9ef4159344"
  integrity sha512-VRSzKkbMm5jMDoKLbltAkFQ5Qr7VDiTFGXxYFXXowVj387GeGNOCsOH6Msy00SGZ3Fp84b1Naa1psqgcCIEP5Q==

lodash@^4.17.4:
  version "4.17.21"
  resolved "https://registry.yarnpkg.com/lodash/-/lodash-4.17.21.tgz#679591c564c3bffaae8454cf0b3df370c3d6911c"
  integrity sha512-v2kDEe57lecTulaDIuNTPy3Ry4gLGJ6Z1O3vE1krgXZNrsQ+LFTGHVxVjcXPs17LhbZVGedAJv8XZ1tvj5FvSg==

scroll-into-view-if-needed@^2.2.20:
  version "2.2.29"
  resolved "https://registry.yarnpkg.com/scroll-into-view-if-needed/-/scroll-into-view-if-needed-2.2.29.tgz#551791a84b7e2287706511f8c68161e4990ab885"
  integrity sha512-hxpAR6AN+Gh53AdAimHM6C8oTN1ppwVZITihix+WqalywBeFcQ6LdQP5ABNl26nX8GTEL7VT+b8lKpdqq65wXg==
  dependencies:
    compute-scroll-into-view "^1.0.17"

slate-history@^0.66.0:
  version "0.66.0"
  resolved "https://registry.yarnpkg.com/slate-history/-/slate-history-0.66.0.tgz#ac63fddb903098ceb4c944433e3f75fe63acf940"
  integrity sha512-6MWpxGQZiMvSINlCbMW43E2YBSVMCMCIwQfBzGssjWw4kb0qfvj0pIdblWNRQZD0hR6WHP+dHHgGSeVdMWzfng==
  dependencies:
    is-plain-object "^5.0.0"

slate-react@^0.83.1:
  version "0.83.1"
  resolved "https://registry.yarnpkg.com/slate-react/-/slate-react-0.83.1.tgz#f8a98dd56e4c6937d6d64ce1d58bf68934a19952"
  integrity sha512-oZ9qEBGZaFcu0TWB0j+VQ6L3+rq0eIWRXLvcDWrK+tI8VdEQYet1iqiBZAjb9WhBEXXJzauDubB9Xe/x+voRJw==
  dependencies:
    "@types/is-hotkey" "^0.1.1"
    "@types/lodash" "^4.14.149"
    direction "^1.0.3"
    is-hotkey "^0.1.6"
    is-plain-object "^5.0.0"
    lodash "^4.17.4"
    scroll-into-view-if-needed "^2.2.20"
    tiny-invariant "1.0.6"

slate@^0.82.1:
  version "0.82.1"
  resolved "https://registry.yarnpkg.com/slate/-/slate-0.82.1.tgz#cf43cb828c980734dab01c9bbb517fd4d20892f7"
  integrity sha512-3mdRdq7U3jSEoyFrGvbeb28hgrvrr4NdFCtJX+IjaNvSFozY0VZd/CGHF0zf/JDx7aEov864xd5uj0HQxxEWTQ==
  dependencies:
    immer "^9.0.6"
    is-plain-object "^5.0.0"
    tiny-warning "^1.0.3"

tiny-invariant@1.0.6:
  version "1.0.6"
  resolved "https://registry.yarnpkg.com/tiny-invariant/-/tiny-invariant-1.0.6.tgz#b3f9b38835e36a41c843a3b0907a5a7b3755de73"
  integrity sha512-FOyLWWVjG+aC0UqG76V53yAWdXfH8bO6FNmyZOuUrzDzK8DI3/JRY25UD7+g49JWM1LXwymsKERB+DzI0dTEQA==

tiny-warning@^1.0.3:
  version "1.0.3"
  resolved "https://registry.yarnpkg.com/tiny-warning/-/tiny-warning-1.0.3.tgz#94a30db453df4c643d0fd566060d60a875d84754"
  integrity sha512-lBN9zLN/oAf68o3zNXYrdCt1kP8WsiGW8Oo2ka41b2IM5JL/S1CTyX1rW0mb/zSuJun0ZUrDxx4sqvYS2FWzPA==
