# THIS IS AN AUTOGENERATED FILE. DO NOT EDIT THIS FILE DIRECTLY.
# yarn lockfile v1


"@juggle/resize-observer@^3.4.0":
  version "3.4.0"
  resolved "https://registry.yarnpkg.com/@juggle/resize-observer/-/resize-observer-3.4.0.tgz#08d6c5e20cf7e4cc02fd181c4b0c225cd31dbb60"
  integrity sha512-dfLbk+PwWvFzSxwk3n5ySL0hfBog779o8h68wK/7/APo/7cgyWp5jcXockbxdk5kFRkbeXWm4Fbi9FrdN381sA==

"@types/is-hotkey@^0.1.8":
  version "0.1.9"
  resolved "https://registry.yarnpkg.com/@types/is-hotkey/-/is-hotkey-0.1.9.tgz#cd79e64ad8e14d5581295ea67f3397b6dfdd6842"
  integrity sha512-ZUK9mvsjXXZo4YtGcEVBVhyN80mbuqId0evT9ni+anA3C291IPIzxU+1JFJ9/vvU0qZhydeuJIpUCn6d0rnsCw==

"@types/lodash@^4.14.200":
  version "4.14.201"
  resolved "https://registry.yarnpkg.com/@types/lodash/-/lodash-4.14.201.tgz#76f47cb63124e806824b6c18463daf3e1d480239"
  integrity sha512-y9euML0cim1JrykNxADLfaG0FgD1g/yTHwUs/Jg9ZIU7WKj2/4IW9Lbb1WZbvck78W/lfGXFfe+u2EGfIJXdLQ==

compute-scroll-into-view@^3.0.2:
  version "3.1.0"
  resolved "https://registry.yarnpkg.com/compute-scroll-into-view/-/compute-scroll-into-view-3.1.0.tgz#753f11d972596558d8fe7c6bcbc8497690ab4c87"
  integrity sha512-rj8l8pD4bJ1nx+dAkMhV1xB5RuZEyVysfxJqB1pRchh1KVvwOv9b7CGB8ZfjTImVv2oF+sYMUkMZq6Na5Ftmbg==

direction@^1.0.4:
  version "1.0.4"
  resolved "https://registry.yarnpkg.com/direction/-/direction-1.0.4.tgz#2b86fb686967e987088caf8b89059370d4837442"
  integrity sha512-GYqKi1aH7PJXxdhTeZBFrg8vUBeKXi+cNprXsC1kpJcbcVnV9wBsrOu1cQEdG0WeQwlfHiy3XvnKfIrJ2R0NzQ==

immer@^10.0.3:
  version "10.0.3"
  resolved "https://registry.yarnpkg.com/immer/-/immer-10.0.3.tgz#a8de42065e964aa3edf6afc282dfc7f7f34ae3c9"
  integrity sha512-pwupu3eWfouuaowscykeckFmVTpqbzW+rXFCX8rQLkZzM9ftBmU/++Ra+o+L27mz03zJTlyV4UUr+fdKNffo4A==

is-hotkey@^0.2.0:
  version "0.2.0"
  resolved "https://registry.yarnpkg.com/is-hotkey/-/is-hotkey-0.2.0.tgz#1835a68171a91e5c9460869d96336947c8340cef"
  integrity sha512-UknnZK4RakDmTgz4PI1wIph5yxSs/mvChWs9ifnlXsKuXgWmOkY/hAE0H/k2MIqH0RlRye0i1oC07MCRSD28Mw==

is-plain-object@^5.0.0:
  version "5.0.0"
  resolved "https://registry.yarnpkg.com/is-plain-object/-/is-plain-object-5.0.0.tgz#4427f50ab3429e9025ea7d52e9043a9ef4159344"
  integrity sha512-VRSzKkbMm5jMDoKLbltAkFQ5Qr7VDiTFGXxYFXXowVj387GeGNOCsOH6Msy00SGZ3Fp84b1Naa1psqgcCIEP5Q==

lodash@^4.17.21:
  version "4.17.21"
  resolved "https://registry.yarnpkg.com/lodash/-/lodash-4.17.21.tgz#679591c564c3bffaae8454cf0b3df370c3d6911c"
  integrity sha512-v2kDEe57lecTulaDIuNTPy3Ry4gLGJ6Z1O3vE1krgXZNrsQ+LFTGHVxVjcXPs17LhbZVGedAJv8XZ1tvj5FvSg==

scroll-into-view-if-needed@^3.1.0:
  version "3.1.0"
  resolved "https://registry.yarnpkg.com/scroll-into-view-if-needed/-/scroll-into-view-if-needed-3.1.0.tgz#fa9524518c799b45a2ef6bbffb92bcad0296d01f"
  integrity sha512-49oNpRjWRvnU8NyGVmUaYG4jtTkNonFZI86MmGRDqBphEK2EXT9gdEUoQPZhuBM8yWHxCWbobltqYO5M4XrUvQ==
  dependencies:
    compute-scroll-into-view "^3.0.2"

slate-history@0.93.0:
  version "0.93.0"
  resolved "https://registry.yarnpkg.com/slate-history/-/slate-history-0.93.0.tgz#d2fad47e4e8b262ab7c86b653f5dd6d9b6d85277"
  integrity sha512-Gr1GMGPipRuxIz41jD2/rbvzPj8eyar56TVMyJBvBeIpQSSjNISssvGNDYfJlSWM8eaRqf6DAcxMKzsLCYeX6g==
  dependencies:
    is-plain-object "^5.0.0"

slate-react@0.100.1:
  version "0.100.1"
  resolved "https://registry.yarnpkg.com/slate-react/-/slate-react-0.100.1.tgz#d542cd9181e3ad5639dcd8d9911a50da1bf46d71"
  integrity sha512-CHlUhopb+3VL0YWXPGcloUlaib4BvaT50+UOudj+rsZaa/EQVgmP6czLqLlXhlyLNiOnp5QaWso/qeoLwuBOyQ==
  dependencies:
    "@juggle/resize-observer" "^3.4.0"
    "@types/is-hotkey" "^0.1.8"
    "@types/lodash" "^4.14.200"
    direction "^1.0.4"
    is-hotkey "^0.2.0"
    is-plain-object "^5.0.0"
    lodash "^4.17.21"
    scroll-into-view-if-needed "^3.1.0"
    tiny-invariant "1.3.1"

slate@0.100.0:
  version "0.100.0"
  resolved "https://registry.yarnpkg.com/slate/-/slate-0.100.0.tgz#33e4b55192fe4d35f6c062d238bd49bbee0d9b8d"
  integrity sha512-cK+xwLBrbQof4rEfTzgC8loBWsDFEXq8nOBY7QahwY59Zq4bsBNcwiMw2VIzTv+WGNsmyHp4eAk/HJbz2aAUkQ==
  dependencies:
    immer "^10.0.3"
    is-plain-object "^5.0.0"
    tiny-warning "^1.0.3"

tiny-invariant@1.3.1:
  version "1.3.1"
  resolved "https://registry.yarnpkg.com/tiny-invariant/-/tiny-invariant-1.3.1.tgz#8560808c916ef02ecfd55e66090df23a4b7aa642"
  integrity sha512-AD5ih2NlSssTCwsMznbvwMZpJ1cbhkGd2uueNxzv2jDlEeZdU04JQfRnggJQ8DrcVBGjAsCKwFBbDlVNtEMlzw==

tiny-warning@^1.0.3:
  version "1.0.3"
  resolved "https://registry.yarnpkg.com/tiny-warning/-/tiny-warning-1.0.3.tgz#94a30db453df4c643d0fd566060d60a875d84754"
  integrity sha512-lBN9zLN/oAf68o3zNXYrdCt1kP8WsiGW8Oo2ka41b2IM5JL/S1CTyX1rW0mb/zSuJun0ZUrDxx4sqvYS2FWzPA==
